
Microsoft Visual Studio Solution File, Format Version 12.00
# Visual Studio 2013
VisualStudioVersion = 12.0.30501.0
MinimumVisualStudioVersion = 10.0.40219.1
Project("{FAE04EC0-301F-11D3-BF4B-00C04F79EFBC}") = "AirlineServices", "AirlineServices\AirlineServices.csproj", "{EFE928D3-5DC3-4D40-A547-84F474843D81}"
EndProject
Project("{FAE04EC0-301F-11D3-BF4B-00C04F79EFBC}") = "AirlineServices.Tests", "AirlineServices.Tests\AirlineServices.Tests.csproj", "{9C1CA470-74E5-4BEB-BA99-090EEB943227}"
EndProject
Project("{2150E333-8FDC-42A3-9474-1A3956D46DE8}") = "PublishScripts", "PublishScripts", "{BF6CC329-229B-4625-A40F-50A111A7AFB9}"
	ProjectSection(SolutionItems) = preProject
		PublishScripts\AzureWebsitePublishModule.psm1 = PublishScripts\AzureWebsitePublishModule.psm1
		PublishScripts\Publish-WebApplicationWebsite.ps1 = PublishScripts\Publish-WebApplicationWebsite.ps1
	EndProjectSection
EndProject
Project("{2150E333-8FDC-42A3-9474-1A3956D46DE8}") = "Configurations", "Configurations", "{2F511E4C-4EA9-4C51-9936-B0E7714082CA}"
	ProjectSection(SolutionItems) = preProject
		PublishScripts\Configurations\AirlineServices-WAWS-dev.json = PublishScripts\Configurations\AirlineServices-WAWS-dev.json
	EndProjectSection
EndProject
Global
	GlobalSection(SolutionConfigurationPlatforms) = preSolution
		Debug|Any CPU = Debug|Any CPU
		Release|Any CPU = Release|Any CPU
	EndGlobalSection
	GlobalSection(ProjectConfigurationPlatforms) = postSolution
		{EFE928D3-5DC3-4D40-A547-84F474843D81}.Debug|Any CPU.ActiveCfg = Debug|Any CPU
		{EFE928D3-5DC3-4D40-A547-84F474843D81}.Debug|Any CPU.Build.0 = Debug|Any CPU
		{EFE928D3-5DC3-4D40-A547-84F474843D81}.Release|Any CPU.ActiveCfg = Release|Any CPU
		{EFE928D3-5DC3-4D40-A547-84F474843D81}.Release|Any CPU.Build.0 = Release|Any CPU
		{9C1CA470-74E5-4BEB-BA99-090EEB943227}.Debug|Any CPU.ActiveCfg = Debug|Any CPU
		{9C1CA470-74E5-4BEB-BA99-090EEB943227}.Debug|Any CPU.Build.0 = Debug|Any CPU
		{9C1CA470-74E5-4BEB-BA99-090EEB943227}.Release|Any CPU.ActiveCfg = Release|Any CPU
		{9C1CA470-74E5-4BEB-BA99-090EEB943227}.Release|Any CPU.Build.0 = Release|Any CPU
	EndGlobalSection
	GlobalSection(SolutionProperties) = preSolution
		HideSolutionNode = FALSE
	EndGlobalSection
	GlobalSection(NestedProjects) = preSolution
		{2F511E4C-4EA9-4C51-9936-B0E7714082CA} = {BF6CC329-229B-4625-A40F-50A111A7AFB9}
	EndGlobalSection
EndGlobal
